// !$*UTF8*$!
{
	archiveVersion = 1;
	classes = {
	};
	objectVersion = 46;
	objects = {

/* Begin PBXAggregateTarget section */
		1A16FCC1DBB749B2930120C3 /* ALL_BUILD */ = {
			isa = PBXAggregateTarget;
			buildConfigurationList = 025F38923D6946D89FF46BEC /* Build configuration list for PBXAggregateTarget "ALL_BUILD" */;
			buildPhases = (
				A36365CF764D5D64AA808CE0 /* Generate CMakeFiles/ALL_BUILD */,
			);
			dependencies = (
				9F65E4D0672F4F8BBC5D3431 /* PBXTargetDependency */,
				413F57F396834850B658BF06 /* PBXTargetDependency */,
				C0BFB86BB99A49C9ADE7A067 /* PBXTargetDependency */,
			);
			name = ALL_BUILD;
			productName = ALL_BUILD;
		};
		F0C105F4B36C4C1DAAD5E2B7 /* ZERO_CHECK */ = {
			isa = PBXAggregateTarget;
			buildConfigurationList = 1C8438F28B6C48348B27963F /* Build configuration list for PBXAggregateTarget "ZERO_CHECK" */;
			buildPhases = (
				F66C282884A5DB690772D3FE /* Generate CMakeFiles/ZERO_CHECK */,
			);
			dependencies = (
			);
			name = ZERO_CHECK;
			productName = ZERO_CHECK;
		};
/* End PBXAggregateTarget section */

/* Begin PBXBuildFile section */
		1664106BDAE448CA9A1E046A /* /Users/abdulhakeemabdulrahman/research/rts-simulator-py/rts-simulator/src/Task.cpp */ = {isa = PBXBuildFile; fileRef = 73CF89DFA4BD4984A30C63DA /* /Users/abdulhakeemabdulrahman/research/rts-simulator-py/rts-simulator/src/Task.cpp */; };
		26DDE98CB7DB4CF3BDA832DA /* /Users/abdulhakeemabdulrahman/research/rts-simulator-py/rts-simulator/src/algorithms */ = {isa = PBXBuildFile; fileRef = 9FEA96E01CA447E78F9CE389 /* /Users/abdulhakeemabdulrahman/research/rts-simulator-py/rts-simulator/src/algorithms */; };
		3E7E43DF6BEA42A3B3BA8481 /* /Users/abdulhakeemabdulrahman/research/rts-simulator-py/rts-simulator/CMakeLists.txt */ = {isa = PBXBuildFile; fileRef = FA69AADE2D8840E5A4069EA2 /* /Users/abdulhakeemabdulrahman/research/rts-simulator-py/rts-simulator/CMakeLists.txt */; };
		77B5E086AEA34AA6A7543AEF /* /Users/abdulhakeemabdulrahman/research/rts-simulator-py/rts-simulator/src/main.cpp */ = {isa = PBXBuildFile; fileRef = EEBCA5598FB34FC091FCF3B3 /* /Users/abdulhakeemabdulrahman/research/rts-simulator-py/rts-simulator/src/main.cpp */; };
		854BA44B40E0476FB20A2D59 /* /Users/abdulhakeemabdulrahman/research/rts-simulator-py/rts-simulator/src/Display.cpp */ = {isa = PBXBuildFile; fileRef = 87CBC3C512224E27BF5AEB2C /* /Users/abdulhakeemabdulrahman/research/rts-simulator-py/rts-simulator/src/Display.cpp */; };
		A3A715DE91F043B3981D72BB /* /Users/abdulhakeemabdulrahman/research/rts-simulator-py/rts-simulator/src/main.cpp */ = {isa = PBXBuildFile; fileRef = 9CCBC49CC2D545AEB5922E4E /* /Users/abdulhakeemabdulrahman/research/rts-simulator-py/rts-simulator/src/main.cpp */; };
		A65D2F11B31648528002B9F6 /* /Users/abdulhakeemabdulrahman/research/rts-simulator-py/rts-simulator/CMakeLists.txt */ = {isa = PBXBuildFile; fileRef = CB8ABC8364574EEAB8242AA8 /* /Users/abdulhakeemabdulrahman/research/rts-simulator-py/rts-simulator/CMakeLists.txt */; };
		CC7BA5E9BE0443A9B5035DDE /* /Users/abdulhakeemabdulrahman/research/rts-simulator-py/rts-simulator/src/algorithms/PFair.cpp */ = {isa = PBXBuildFile; fileRef = 93DEAE4CF12B440D96AC34D1 /* /Users/abdulhakeemabdulrahman/research/rts-simulator-py/rts-simulator/src/algorithms/PFair.cpp */; };
		D5728FAB715843B6AE40AEC8 /* /Users/abdulhakeemabdulrahman/research/rts-simulator-py/rts-simulator/src/TaskSystem.cpp */ = {isa = PBXBuildFile; fileRef = 4904B47C3FC94FDA88CBE4E7 /* /Users/abdulhakeemabdulrahman/research/rts-simulator-py/rts-simulator/src/TaskSystem.cpp */; };
/* End PBXBuildFile section */

/* Begin PBXBuildStyle section */
		7C83C451FFAF47A6A47ED3F7 /* RelWithDebInfo */ = {
			isa = PBXBuildStyle;
			buildSettings = {
				COPY_PHASE_STRIP = NO;
			};
			name = RelWithDebInfo;
		};
		B01969F5996F4DED81A5FE75 /* Release */ = {
			isa = PBXBuildStyle;
			buildSettings = {
				COPY_PHASE_STRIP = NO;
			};
			name = Release;
		};
		DC8F938B5416408596DAB082 /* MinSizeRel */ = {
			isa = PBXBuildStyle;
			buildSettings = {
				COPY_PHASE_STRIP = NO;
			};
			name = MinSizeRel;
		};
		F63F88BD6EBD4E1D8B6ACF73 /* Debug */ = {
			isa = PBXBuildStyle;
			buildSettings = {
				COPY_PHASE_STRIP = NO;
			};
			name = Debug;
		};
/* End PBXBuildStyle section */

/* Begin PBXContainerItemProxy section */
		0E88FA4ECB314F36BF8A96E5 /* PBXContainerItemProxy */ = {
			isa = PBXContainerItemProxy;
			containerPortal = 14E8E4D526494DF98C18F70D /* Project object */;
			proxyType = 1;
			remoteGlobalIDString = F0C105F4B36C4C1DAAD5E2B7;
			remoteInfo = ZERO_CHECK;
		};
		2AFBF5BD70914EB89F9A694A /* PBXContainerItemProxy */ = {
			isa = PBXContainerItemProxy;
			containerPortal = 14E8E4D526494DF98C18F70D /* Project object */;
			proxyType = 1;
			remoteGlobalIDString = 6145C962217A4D79B64474EB;
			remoteInfo = RTSSimulatorLib;
		};
		88E00BE5D4B34975AD8A2A26 /* PBXContainerItemProxy */ = {
			isa = PBXContainerItemProxy;
			containerPortal = 14E8E4D526494DF98C18F70D /* Project object */;
			proxyType = 1;
			remoteGlobalIDString = F0C105F4B36C4C1DAAD5E2B7;
			remoteInfo = ZERO_CHECK;
		};
		C0623A2600B84A958EA83D6E /* PBXContainerItemProxy */ = {
			isa = PBXContainerItemProxy;
			containerPortal = 14E8E4D526494DF98C18F70D /* Project object */;
			proxyType = 1;
			remoteGlobalIDString = F0C105F4B36C4C1DAAD5E2B7;
			remoteInfo = ZERO_CHECK;
		};
		C81E8FF08D554F05896F535B /* PBXContainerItemProxy */ = {
			isa = PBXContainerItemProxy;
			containerPortal = 14E8E4D526494DF98C18F70D /* Project object */;
			proxyType = 1;
			remoteGlobalIDString = 6145C962217A4D79B64474EB;
			remoteInfo = RTSSimulatorLib;
		};
		DE5EB35209DE422B8D03AD43 /* PBXContainerItemProxy */ = {
			isa = PBXContainerItemProxy;
			containerPortal = 14E8E4D526494DF98C18F70D /* Project object */;
			proxyType = 1;
			remoteGlobalIDString = ECA9A727F94B48179F57F437;
			remoteInfo = RTSSimulator;
		};
/* End PBXContainerItemProxy section */

/* Begin PBXFileReference section */
		0E5A8BB6C2DD4688A598D3FA /* /Users/abdulhakeemabdulrahman/research/rts-simulator-py/rts-simulator/CMakeLists.txt */ = {isa = PBXFileReference; explicitFileType = sourcecode.text; fileEncoding = 4; name = CMakeLists.txt; path = CMakeLists.txt; sourceTree = SOURCE_ROOT; };
		13F378E057CF4D89882C2F16 /* RTSSimulator */ = {isa = PBXFileReference; explicitFileType = "compiled.mach-o.executable"; path = RTSSimulator; sourceTree = BUILT_PRODUCTS_DIR; };
		4904B47C3FC94FDA88CBE4E7 /* /Users/abdulhakeemabdulrahman/research/rts-simulator-py/rts-simulator/src/TaskSystem.cpp */ = {isa = PBXFileReference; explicitFileType = sourcecode.cpp.cpp; fileEncoding = 4; name = TaskSystem.cpp; path = src/TaskSystem.cpp; sourceTree = SOURCE_ROOT; };
		73CF89DFA4BD4984A30C63DA /* /Users/abdulhakeemabdulrahman/research/rts-simulator-py/rts-simulator/src/Task.cpp */ = {isa = PBXFileReference; explicitFileType = sourcecode.cpp.cpp; fileEncoding = 4; name = Task.cpp; path = src/Task.cpp; sourceTree = SOURCE_ROOT; };
		87CBC3C512224E27BF5AEB2C /* /Users/abdulhakeemabdulrahman/research/rts-simulator-py/rts-simulator/src/Display.cpp */ = {isa = PBXFileReference; explicitFileType = sourcecode.cpp.cpp; fileEncoding = 4; name = Display.cpp; path = src/Display.cpp; sourceTree = SOURCE_ROOT; };
		93DEAE4CF12B440D96AC34D1 /* /Users/abdulhakeemabdulrahman/research/rts-simulator-py/rts-simulator/src/algorithms/PFair.cpp */ = {isa = PBXFileReference; explicitFileType = sourcecode.cpp.cpp; fileEncoding = 4; name = PFair.cpp; path = src/algorithms/PFair.cpp; sourceTree = SOURCE_ROOT; };
		9CCBC49CC2D545AEB5922E4E /* /Users/abdulhakeemabdulrahman/research/rts-simulator-py/rts-simulator/src/main.cpp */ = {isa = PBXFileReference; explicitFileType = sourcecode.cpp.cpp; fileEncoding = 4; name = main.cpp; path = src/main.cpp; sourceTree = SOURCE_ROOT; };
		9FEA96E01CA447E78F9CE389 /* /Users/abdulhakeemabdulrahman/research/rts-simulator-py/rts-simulator/src/algorithms */ = {isa = PBXFileReference; fileEncoding = 4; lastKnownFileType = folder; name = algorithms; path = src/algorithms; sourceTree = SOURCE_ROOT; };
		AE772295948B44308F43660D /* RTSSimulatorLib */ = {isa = PBXFileReference; explicitFileType = "compiled.mach-o.dylib"; path = libRTSSimulatorLib.dylib; sourceTree = BUILT_PRODUCTS_DIR; };
		CB8ABC8364574EEAB8242AA8 /* /Users/abdulhakeemabdulrahman/research/rts-simulator-py/rts-simulator/CMakeLists.txt */ = {isa = PBXFileReference; explicitFileType = sourcecode.text; fileEncoding = 4; name = CMakeLists.txt; path = CMakeLists.txt; sourceTree = SOURCE_ROOT; };
		EEBCA5598FB34FC091FCF3B3 /* /Users/abdulhakeemabdulrahman/research/rts-simulator-py/rts-simulator/src/main.cpp */ = {isa = PBXFileReference; explicitFileType = sourcecode.cpp.cpp; fileEncoding = 4; name = main.cpp; path = src/main.cpp; sourceTree = SOURCE_ROOT; };
		FA69AADE2D8840E5A4069EA2 /* /Users/abdulhakeemabdulrahman/research/rts-simulator-py/rts-simulator/CMakeLists.txt */ = {isa = PBXFileReference; explicitFileType = sourcecode.text; fileEncoding = 4; name = CMakeLists.txt; path = CMakeLists.txt; sourceTree = SOURCE_ROOT; };
/* End PBXFileReference section */

/* Begin PBXFrameworksBuildPhase section */
		352DEE5792054A9EAFEA1706 /* Frameworks */ = {
			isa = PBXFrameworksBuildPhase;
			buildActionMask = 2147483647;
			files = (
			);
			runOnlyForDeploymentPostprocessing = 0;
		};
		F4D286A7111D4670B5E9A8A7 /* Frameworks */ = {
			isa = PBXFrameworksBuildPhase;
			buildActionMask = 2147483647;
			files = (
			);
			runOnlyForDeploymentPostprocessing = 0;
		};
/* End PBXFrameworksBuildPhase section */

/* Begin PBXGroup section */
		19D465F5D4154A65BC28AE28 /* ALL_BUILD */ = {
			isa = PBXGroup;
			children = (
				A3BF6123E4D749699894C569 /* CMake Rules */,
				0E5A8BB6C2DD4688A598D3FA /* /Users/abdulhakeemabdulrahman/research/rts-simulator-py/rts-simulator/CMakeLists.txt */,
			);
			name = ALL_BUILD;
			sourceTree = "<group>";
		};
		2CF973037C0E45AA894A466E = {
			isa = PBXGroup;
			children = (
				6718A4B05897493FA61C874B /* RTSSimulatorLib */,
				4E3E6E253CD948B7A46F6B07 /* RTSSimulator */,
				19D465F5D4154A65BC28AE28 /* ALL_BUILD */,
				E26245C2E7E5435A8760C4AE /* Products */,
				7FD75E35C9CF4D21A79EA596 /* Frameworks */,
			);
			sourceTree = "<group>";
		};
		4E3E6E253CD948B7A46F6B07 /* RTSSimulator */ = {
			isa = PBXGroup;
			children = (
				FC68669DFD7F4662BAB27680 /* Source Files */,
				FA69AADE2D8840E5A4069EA2 /* /Users/abdulhakeemabdulrahman/research/rts-simulator-py/rts-simulator/CMakeLists.txt */,
			);
			name = RTSSimulator;
			sourceTree = "<group>";
		};
		5B9CDC60DC6C48B79A37A4E4 /* Source Files */ = {
			isa = PBXGroup;
			children = (
				87CBC3C512224E27BF5AEB2C /* /Users/abdulhakeemabdulrahman/research/rts-simulator-py/rts-simulator/src/Display.cpp */,
				73CF89DFA4BD4984A30C63DA /* /Users/abdulhakeemabdulrahman/research/rts-simulator-py/rts-simulator/src/Task.cpp */,
				4904B47C3FC94FDA88CBE4E7 /* /Users/abdulhakeemabdulrahman/research/rts-simulator-py/rts-simulator/src/TaskSystem.cpp */,
				93DEAE4CF12B440D96AC34D1 /* /Users/abdulhakeemabdulrahman/research/rts-simulator-py/rts-simulator/src/algorithms/PFair.cpp */,
				9CCBC49CC2D545AEB5922E4E /* /Users/abdulhakeemabdulrahman/research/rts-simulator-py/rts-simulator/src/main.cpp */,
			);
			name = "Source Files";
			sourceTree = "<group>";
		};
		6718A4B05897493FA61C874B /* RTSSimulatorLib */ = {
			isa = PBXGroup;
			children = (
				5B9CDC60DC6C48B79A37A4E4 /* Source Files */,
				CB8ABC8364574EEAB8242AA8 /* /Users/abdulhakeemabdulrahman/research/rts-simulator-py/rts-simulator/CMakeLists.txt */,
				9FEA96E01CA447E78F9CE389 /* /Users/abdulhakeemabdulrahman/research/rts-simulator-py/rts-simulator/src/algorithms */,
			);
			name = RTSSimulatorLib;
			sourceTree = "<group>";
		};
		7FD75E35C9CF4D21A79EA596 /* Frameworks */ = {
			isa = PBXGroup;
			children = (
			);
			name = Frameworks;
			sourceTree = "<group>";
		};
		A3BF6123E4D749699894C569 /* CMake Rules */ = {
			isa = PBXGroup;
			children = (
			);
			name = "CMake Rules";
			sourceTree = "<group>";
		};
		E26245C2E7E5435A8760C4AE /* Products */ = {
			isa = PBXGroup;
			children = (
				13F378E057CF4D89882C2F16 /* RTSSimulator */,
				AE772295948B44308F43660D /* RTSSimulatorLib */,
			);
			name = Products;
			sourceTree = "<group>";
		};
		FC68669DFD7F4662BAB27680 /* Source Files */ = {
			isa = PBXGroup;
			children = (
				EEBCA5598FB34FC091FCF3B3 /* /Users/abdulhakeemabdulrahman/research/rts-simulator-py/rts-simulator/src/main.cpp */,
			);
			name = "Source Files";
			sourceTree = "<group>";
		};
/* End PBXGroup section */

/* Begin PBXNativeTarget section */
		6145C962217A4D79B64474EB /* RTSSimulatorLib */ = {
			isa = PBXNativeTarget;
			buildConfigurationList = 794EFDB1C39849E1BE5A0C9E /* Build configuration list for PBXNativeTarget "RTSSimulatorLib" */;
			buildPhases = (
				3A1B23ACEA0046748AFB5467 /* Sources */,
				F4D286A7111D4670B5E9A8A7 /* Frameworks */,
				0BD40DC0559353DA5F4588E7 /* CMake PostBuild Rules */,
			);
			buildRules = (
			);
			dependencies = (
				238B40E3513D4B2585684D2B /* PBXTargetDependency */,
			);
			name = RTSSimulatorLib;
			productName = RTSSimulatorLib;
			productReference = AE772295948B44308F43660D /* RTSSimulatorLib */;
			productType = "com.apple.product-type.library.dynamic";
		};
		ECA9A727F94B48179F57F437 /* RTSSimulator */ = {
			isa = PBXNativeTarget;
			buildConfigurationList = 77C03D2575E4491DB31FCEF2 /* Build configuration list for PBXNativeTarget "RTSSimulator" */;
			buildPhases = (
				9CE386CB9489412EB5E7C36D /* Sources */,
				352DEE5792054A9EAFEA1706 /* Frameworks */,
			);
			buildRules = (
			);
			dependencies = (
				702E6E00CFE54FB48CCED278 /* PBXTargetDependency */,
				1EE5DD3E7F684E54A4639EBE /* PBXTargetDependency */,
			);
			name = RTSSimulator;
			productName = RTSSimulator;
			productReference = 13F378E057CF4D89882C2F16 /* RTSSimulator */;
			productType = "com.apple.product-type.tool";
		};
/* End PBXNativeTarget section */

/* Begin PBXProject section */
		14E8E4D526494DF98C18F70D /* Project object */ = {
			isa = PBXProject;
			attributes = {
				BuildIndependentTargetsInParallel = YES;
				LastUpgradeCheck = 1340;
			};
			buildConfigurationList = D3AB77C6DB854F8FADCFFC0A /* Build configuration list for PBXProject "RTSSimulatorProj" */;
			buildSettings = {
			};
			buildStyles = (
				F63F88BD6EBD4E1D8B6ACF73 /* Debug */,
				B01969F5996F4DED81A5FE75 /* Release */,
				DC8F938B5416408596DAB082 /* MinSizeRel */,
				7C83C451FFAF47A6A47ED3F7 /* RelWithDebInfo */,
			);
			compatibilityVersion = "Xcode 3.2";
			hasScannedForEncodings = 0;
			mainGroup = 2CF973037C0E45AA894A466E;
			projectDirPath = .;
			projectRoot = "";
			targets = (
				1A16FCC1DBB749B2930120C3 /* ALL_BUILD */,
				ECA9A727F94B48179F57F437 /* RTSSimulator */,
				6145C962217A4D79B64474EB /* RTSSimulatorLib */,
				F0C105F4B36C4C1DAAD5E2B7 /* ZERO_CHECK */,
			);
		};
/* End PBXProject section */

/* Begin PBXShellScriptBuildPhase section */
		0BD40DC0559353DA5F4588E7 /* CMake PostBuild Rules */ = {
			isa = PBXShellScriptBuildPhase;
			alwaysOutOfDate = 1;
			buildActionMask = 2147483647;
			files = (
			);
			name = "CMake PostBuild Rules";
			outputPaths = (
			);
			runOnlyForDeploymentPostprocessing = 0;
			shellPath = /bin/sh;
			shellScript = "set -e
if test \"$CONFIGURATION\" = \"Debug\"; then :
  cd /Users/abdulhakeemabdulrahman/research/rts-simulator-py/rts-simulator
  /Applications/CMake.app/Contents/bin/cmake -E cmake_symlink_library /Users/abdulhakeemabdulrahman/research/rts-simulator-py/build/lib.macosx-11.0-arm64-cpython-39/Debug/libRTSSimulatorLib.dylib /Users/abdulhakeemabdulrahman/research/rts-simulator-py/build/lib.macosx-11.0-arm64-cpython-39/Debug/libRTSSimulatorLib.dylib /Users/abdulhakeemabdulrahman/research/rts-simulator-py/build/lib.macosx-11.0-arm64-cpython-39/Debug/libRTSSimulatorLib.dylib
fi
if test \"$CONFIGURATION\" = \"Release\"; then :
  cd /Users/abdulhakeemabdulrahman/research/rts-simulator-py/rts-simulator
  /Applications/CMake.app/Contents/bin/cmake -E cmake_symlink_library /Users/abdulhakeemabdulrahman/research/rts-simulator-py/build/lib.macosx-11.0-arm64-cpython-39/Release/libRTSSimulatorLib.dylib /Users/abdulhakeemabdulrahman/research/rts-simulator-py/build/lib.macosx-11.0-arm64-cpython-39/Release/libRTSSimulatorLib.dylib /Users/abdulhakeemabdulrahman/research/rts-simulator-py/build/lib.macosx-11.0-arm64-cpython-39/Release/libRTSSimulatorLib.dylib
fi
if test \"$CONFIGURATION\" = \"MinSizeRel\"; then :
  cd /Users/abdulhakeemabdulrahman/research/rts-simulator-py/rts-simulator
  /Applications/CMake.app/Contents/bin/cmake -E cmake_symlink_library /Users/abdulhakeemabdulrahman/research/rts-simulator-py/build/lib.macosx-11.0-arm64-cpython-39/MinSizeRel/libRTSSimulatorLib.dylib /Users/abdulhakeemabdulrahman/research/rts-simulator-py/build/lib.macosx-11.0-arm64-cpython-39/MinSizeRel/libRTSSimulatorLib.dylib /Users/abdulhakeemabdulrahman/research/rts-simulator-py/build/lib.macosx-11.0-arm64-cpython-39/MinSizeRel/libRTSSimulatorLib.dylib
fi
if test \"$CONFIGURATION\" = \"RelWithDebInfo\"; then :
  cd /Users/abdulhakeemabdulrahman/research/rts-simulator-py/rts-simulator
  /Applications/CMake.app/Contents/bin/cmake -E cmake_symlink_library /Users/abdulhakeemabdulrahman/research/rts-simulator-py/build/lib.macosx-11.0-arm64-cpython-39/RelWithDebInfo/libRTSSimulatorLib.dylib /Users/abdulhakeemabdulrahman/research/rts-simulator-py/build/lib.macosx-11.0-arm64-cpython-39/RelWithDebInfo/libRTSSimulatorLib.dylib /Users/abdulhakeemabdulrahman/research/rts-simulator-py/build/lib.macosx-11.0-arm64-cpython-39/RelWithDebInfo/libRTSSimulatorLib.dylib
fi
";
			showEnvVarsInLog = 0;
		};
		3C0110FC8322DE7E50886E21 = {
			isa = PBXShellScriptBuildPhase;
			buildActionMask = 2147483647;
			files = (
			);
			inputPaths = (
			);
			outputPaths = (
			);
			runOnlyForDeploymentPostprocessing = 0;
			shellPath = /bin/sh;
			shellScript = "# shell script goes here
exit 0";
			showEnvVarsInLog = 0;
		};
		9B50530E35CC49C82C2FACCF = {
			isa = PBXShellScriptBuildPhase;
			buildActionMask = 2147483647;
			files = (
			);
			inputPaths = (
			);
			outputPaths = (
			);
			runOnlyForDeploymentPostprocessing = 0;
			shellPath = /bin/sh;
			shellScript = "# shell script goes here
exit 0";
			showEnvVarsInLog = 0;
		};
		A36365CF764D5D64AA808CE0 /* Generate CMakeFiles/ALL_BUILD */ = {
			isa = PBXShellScriptBuildPhase;
			alwaysOutOfDate = 1;
			buildActionMask = 2147483647;
			files = (
			);
			inputPaths = (
			);
			name = "Generate CMakeFiles/ALL_BUILD";
			outputPaths = (
"/Users/abdulhakeemabdulrahman/research/rts-simulator-py/rts-simulator/CMakeFiles/ALL_BUILD"			);
			runOnlyForDeploymentPostprocessing = 0;
			shellPath = /bin/sh;
			shellScript = "set -e
if test \"$CONFIGURATION\" = \"Debug\"; then :
  cd /Users/abdulhakeemabdulrahman/research/rts-simulator-py/rts-simulator
  echo Build\\ all\\ projects
fi
if test \"$CONFIGURATION\" = \"Release\"; then :
  cd /Users/abdulhakeemabdulrahman/research/rts-simulator-py/rts-simulator
  echo Build\\ all\\ projects
fi
if test \"$CONFIGURATION\" = \"MinSizeRel\"; then :
  cd /Users/abdulhakeemabdulrahman/research/rts-simulator-py/rts-simulator
  echo Build\\ all\\ projects
fi
if test \"$CONFIGURATION\" = \"RelWithDebInfo\"; then :
  cd /Users/abdulhakeemabdulrahman/research/rts-simulator-py/rts-simulator
  echo Build\\ all\\ projects
fi
";
			showEnvVarsInLog = 0;
		};
		F66C282884A5DB690772D3FE /* Generate CMakeFiles/ZERO_CHECK */ = {
			isa = PBXShellScriptBuildPhase;
			alwaysOutOfDate = 1;
			buildActionMask = 2147483647;
			files = (
			);
			inputPaths = (
			);
			name = "Generate CMakeFiles/ZERO_CHECK";
			outputPaths = (
"/Users/abdulhakeemabdulrahman/research/rts-simulator-py/rts-simulator/CMakeFiles/ZERO_CHECK"			);
			runOnlyForDeploymentPostprocessing = 0;
			shellPath = /bin/sh;
			shellScript = "set -e
if test \"$CONFIGURATION\" = \"Debug\"; then :
  cd /Users/abdulhakeemabdulrahman/research/rts-simulator-py/rts-simulator
  make -f /Users/abdulhakeemabdulrahman/research/rts-simulator-py/rts-simulator/CMakeScripts/ReRunCMake.make
fi
if test \"$CONFIGURATION\" = \"Release\"; then :
  cd /Users/abdulhakeemabdulrahman/research/rts-simulator-py/rts-simulator
  make -f /Users/abdulhakeemabdulrahman/research/rts-simulator-py/rts-simulator/CMakeScripts/ReRunCMake.make
fi
if test \"$CONFIGURATION\" = \"MinSizeRel\"; then :
  cd /Users/abdulhakeemabdulrahman/research/rts-simulator-py/rts-simulator
  make -f /Users/abdulhakeemabdulrahman/research/rts-simulator-py/rts-simulator/CMakeScripts/ReRunCMake.make
fi
if test \"$CONFIGURATION\" = \"RelWithDebInfo\"; then :
  cd /Users/abdulhakeemabdulrahman/research/rts-simulator-py/rts-simulator
  make -f /Users/abdulhakeemabdulrahman/research/rts-simulator-py/rts-simulator/CMakeScripts/ReRunCMake.make
fi
";
			showEnvVarsInLog = 0;
		};
/* End PBXShellScriptBuildPhase section */

/* Begin PBXSourcesBuildPhase section */
		3A1B23ACEA0046748AFB5467 /* Sources */ = {
			isa = PBXSourcesBuildPhase;
			buildActionMask = 2147483647;
			files = (
				854BA44B40E0476FB20A2D59 /* /Users/abdulhakeemabdulrahman/research/rts-simulator-py/rts-simulator/src/Display.cpp */,
				1664106BDAE448CA9A1E046A /* /Users/abdulhakeemabdulrahman/research/rts-simulator-py/rts-simulator/src/Task.cpp */,
				D5728FAB715843B6AE40AEC8 /* /Users/abdulhakeemabdulrahman/research/rts-simulator-py/rts-simulator/src/TaskSystem.cpp */,
				CC7BA5E9BE0443A9B5035DDE /* /Users/abdulhakeemabdulrahman/research/rts-simulator-py/rts-simulator/src/algorithms/PFair.cpp */,
				A3A715DE91F043B3981D72BB /* /Users/abdulhakeemabdulrahman/research/rts-simulator-py/rts-simulator/src/main.cpp */,
			);
			runOnlyForDeploymentPostprocessing = 0;
		};
		9CE386CB9489412EB5E7C36D /* Sources */ = {
			isa = PBXSourcesBuildPhase;
			buildActionMask = 2147483647;
			files = (
				77B5E086AEA34AA6A7543AEF /* /Users/abdulhakeemabdulrahman/research/rts-simulator-py/rts-simulator/src/main.cpp */,
			);
			runOnlyForDeploymentPostprocessing = 0;
		};
/* End PBXSourcesBuildPhase section */

/* Begin PBXTargetDependency section */
		1EE5DD3E7F684E54A4639EBE /* PBXTargetDependency */ = {
			isa = PBXTargetDependency;
			target = 6145C962217A4D79B64474EB /* RTSSimulatorLib */;
			targetProxy = 2AFBF5BD70914EB89F9A694A /* PBXContainerItemProxy */;
		};
		238B40E3513D4B2585684D2B /* PBXTargetDependency */ = {
			isa = PBXTargetDependency;
			target = F0C105F4B36C4C1DAAD5E2B7 /* ZERO_CHECK */;
			targetProxy = 88E00BE5D4B34975AD8A2A26 /* PBXContainerItemProxy */;
		};
		413F57F396834850B658BF06 /* PBXTargetDependency */ = {
			isa = PBXTargetDependency;
			target = 6145C962217A4D79B64474EB /* RTSSimulatorLib */;
			targetProxy = C81E8FF08D554F05896F535B /* PBXContainerItemProxy */;
		};
		702E6E00CFE54FB48CCED278 /* PBXTargetDependency */ = {
			isa = PBXTargetDependency;
			target = F0C105F4B36C4C1DAAD5E2B7 /* ZERO_CHECK */;
			targetProxy = 0E88FA4ECB314F36BF8A96E5 /* PBXContainerItemProxy */;
		};
		9F65E4D0672F4F8BBC5D3431 /* PBXTargetDependency */ = {
			isa = PBXTargetDependency;
			target = F0C105F4B36C4C1DAAD5E2B7 /* ZERO_CHECK */;
			targetProxy = C0623A2600B84A958EA83D6E /* PBXContainerItemProxy */;
		};
		C0BFB86BB99A49C9ADE7A067 /* PBXTargetDependency */ = {
			isa = PBXTargetDependency;
			target = ECA9A727F94B48179F57F437 /* RTSSimulator */;
			targetProxy = DE5EB35209DE422B8D03AD43 /* PBXContainerItemProxy */;
		};
/* End PBXTargetDependency section */

/* Begin XCBuildConfiguration section */
		045653CAB5554FDFB2A424AC /* Debug */ = {
			isa = XCBuildConfiguration;
			buildSettings = {
				ARCHS = arm64;
				COMBINE_HIDPI_IMAGES = YES;
				GCC_GENERATE_DEBUGGING_SYMBOLS = YES;
				GCC_INLINES_ARE_PRIVATE_EXTERN = NO;
				GCC_OPTIMIZATION_LEVEL = 0;
				GCC_PREPROCESSOR_DEFINITIONS = ("'CMAKE_INTDIR=\"$(CONFIGURATION)$(EFFECTIVE_PLATFORM_NAME)\"'","$(inherited)");
				GCC_SYMBOLS_PRIVATE_EXTERN = NO;
				INSTALL_PATH = "";
				ONLY_ACTIVE_ARCH = NO;
				OTHER_LDFLAGS = ("","$(inherited)");
				OTHER_REZFLAGS = "";
				PRODUCT_NAME = ALL_BUILD;
				SECTORDER_FLAGS = "";
				SYMROOT = "/Users/abdulhakeemabdulrahman/research/rts-simulator-py/rts-simulator";
				USE_HEADERMAP = NO;
				WARNING_CFLAGS = ("$(inherited)");
			};
			name = Debug;
		};
		05803FD0946046DB864E503E /* Release */ = {
			isa = XCBuildConfiguration;
			buildSettings = {
				ARCHS = arm64;
				COMBINE_HIDPI_IMAGES = YES;
				GCC_GENERATE_DEBUGGING_SYMBOLS = YES;
				GCC_INLINES_ARE_PRIVATE_EXTERN = NO;
				GCC_OPTIMIZATION_LEVEL = 0;
				GCC_PREPROCESSOR_DEFINITIONS = ("'CMAKE_INTDIR=\"$(CONFIGURATION)$(EFFECTIVE_PLATFORM_NAME)\"'","$(inherited)");
				GCC_SYMBOLS_PRIVATE_EXTERN = NO;
				INSTALL_PATH = "";
				ONLY_ACTIVE_ARCH = NO;
				OTHER_LDFLAGS = ("","$(inherited)");
				OTHER_REZFLAGS = "";
				PRODUCT_NAME = ZERO_CHECK;
				SECTORDER_FLAGS = "";
				SYMROOT = "/Users/abdulhakeemabdulrahman/research/rts-simulator-py/rts-simulator";
				USE_HEADERMAP = NO;
				WARNING_CFLAGS = ("$(inherited)");
			};
			name = Release;
		};
		08D70D881A744F0FADA6C9B6 /* RelWithDebInfo */ = {
			isa = XCBuildConfiguration;
			buildSettings = {
				ARCHS = arm64;
				SDKROOT = /Applications/Xcode.app/Contents/Developer/Platforms/MacOSX.platform/Developer/SDKs/MacOSX12.3.sdk;
				SYMROOT = "/Users/abdulhakeemabdulrahman/research/rts-simulator-py/rts-simulator/build";
			};
			name = RelWithDebInfo;
		};
		094F9B68573B42E5A7893EFE /* Debug */ = {
			isa = XCBuildConfiguration;
			buildSettings = {
				ARCHS = arm64;
				COMBINE_HIDPI_IMAGES = YES;
				EXECUTABLE_PREFIX = "";
				EXECUTABLE_SUFFIX = "";
				GCC_GENERATE_DEBUGGING_SYMBOLS = YES;
				GCC_INLINES_ARE_PRIVATE_EXTERN = NO;
				GCC_OPTIMIZATION_LEVEL = 0;
				GCC_PREPROCESSOR_DEFINITIONS = ("'CMAKE_INTDIR=\"$(CONFIGURATION)$(EFFECTIVE_PLATFORM_NAME)\"'","$(inherited)");
				GCC_SYMBOLS_PRIVATE_EXTERN = NO;
				HEADER_SEARCH_PATHS = ("/Users/abdulhakeemabdulrahman/research/rts-simulator-py/rts-simulator/include","/Users/abdulhakeemabdulrahman/research/rts-simulator-py/rts-simulator/include/algorithms","$(inherited)");
				INSTALL_PATH = "";
				LD_RUNPATH_SEARCH_PATHS = ("/Users/abdulhakeemabdulrahman/research/rts-simulator-py/build/lib.macosx-11.0-arm64-cpython-39/Debug","$(inherited)");
				ONLY_ACTIVE_ARCH = NO;
				OTHER_CPLUSPLUSFLAGS = " -std=c++17 -pthread -lncurses    '-std=gnu++17' ";
				OTHER_LDFLAGS = (" -Wl,-search_paths_first -Wl,-headerpad_max_install_names","/Users/abdulhakeemabdulrahman/research/rts-simulator-py/build/lib.macosx-11.0-arm64-cpython-39/Debug/libRTSSimulatorLib.dylib",/Applications/Xcode.app/Contents/Developer/Platforms/MacOSX.platform/Developer/SDKs/MacOSX12.3.sdk/usr/lib/libcurses.tbd,/Applications/Xcode.app/Contents/Developer/Platforms/MacOSX.platform/Developer/SDKs/MacOSX12.3.sdk/usr/lib/libform.tbd,"$(inherited)");
				OTHER_REZFLAGS = "";
				PRODUCT_NAME = RTSSimulator;
				SECTORDER_FLAGS = "";
				SYMROOT = "/Users/abdulhakeemabdulrahman/research/rts-simulator-py/rts-simulator";
				USE_HEADERMAP = NO;
				WARNING_CFLAGS = ("$(inherited)");
			};
			name = Debug;
		};
		0BCE3E7471474DFE98B69EA9 /* RelWithDebInfo */ = {
			isa = XCBuildConfiguration;
			buildSettings = {
				ARCHS = arm64;
				COMBINE_HIDPI_IMAGES = YES;
				GCC_GENERATE_DEBUGGING_SYMBOLS = YES;
				GCC_INLINES_ARE_PRIVATE_EXTERN = NO;
				GCC_OPTIMIZATION_LEVEL = 0;
				GCC_PREPROCESSOR_DEFINITIONS = ("'CMAKE_INTDIR=\"$(CONFIGURATION)$(EFFECTIVE_PLATFORM_NAME)\"'","$(inherited)");
				GCC_SYMBOLS_PRIVATE_EXTERN = NO;
				INSTALL_PATH = "";
				ONLY_ACTIVE_ARCH = NO;
				OTHER_LDFLAGS = ("","$(inherited)");
				OTHER_REZFLAGS = "";
				PRODUCT_NAME = ALL_BUILD;
				SECTORDER_FLAGS = "";
				SYMROOT = "/Users/abdulhakeemabdulrahman/research/rts-simulator-py/rts-simulator";
				USE_HEADERMAP = NO;
				WARNING_CFLAGS = ("$(inherited)");
			};
			name = RelWithDebInfo;
		};
		3A25795438CA4FDE8A0877A3 /* Release */ = {
			isa = XCBuildConfiguration;
			buildSettings = {
				ARCHS = arm64;
				SDKROOT = /Applications/Xcode.app/Contents/Developer/Platforms/MacOSX.platform/Developer/SDKs/MacOSX12.3.sdk;
				SYMROOT = "/Users/abdulhakeemabdulrahman/research/rts-simulator-py/rts-simulator/build";
			};
			name = Release;
		};
		4CF6F487CC5E4C0E88E2FBBC /* Debug */ = {
			isa = XCBuildConfiguration;
			buildSettings = {
				ARCHS = arm64;
				COMBINE_HIDPI_IMAGES = YES;
				GCC_GENERATE_DEBUGGING_SYMBOLS = YES;
				GCC_INLINES_ARE_PRIVATE_EXTERN = NO;
				GCC_OPTIMIZATION_LEVEL = 0;
				GCC_PREPROCESSOR_DEFINITIONS = ("'CMAKE_INTDIR=\"$(CONFIGURATION)$(EFFECTIVE_PLATFORM_NAME)\"'","$(inherited)");
				GCC_SYMBOLS_PRIVATE_EXTERN = NO;
				INSTALL_PATH = "";
				ONLY_ACTIVE_ARCH = NO;
				OTHER_LDFLAGS = ("","$(inherited)");
				OTHER_REZFLAGS = "";
				PRODUCT_NAME = ZERO_CHECK;
				SECTORDER_FLAGS = "";
				SYMROOT = "/Users/abdulhakeemabdulrahman/research/rts-simulator-py/rts-simulator";
				USE_HEADERMAP = NO;
				WARNING_CFLAGS = ("$(inherited)");
			};
			name = Debug;
		};
		57C7891AF2D04391B641FC7F /* Debug */ = {
			isa = XCBuildConfiguration;
			buildSettings = {
				ARCHS = arm64;
				SDKROOT = /Applications/Xcode.app/Contents/Developer/Platforms/MacOSX.platform/Developer/SDKs/MacOSX12.3.sdk;
				SYMROOT = "/Users/abdulhakeemabdulrahman/research/rts-simulator-py/rts-simulator/build";
			};
			name = Debug;
		};
		6C08EDBFEBA7489F9E5CBA51 /* MinSizeRel */ = {
			isa = XCBuildConfiguration;
			buildSettings = {
				ARCHS = arm64;
				COMBINE_HIDPI_IMAGES = YES;
				GCC_GENERATE_DEBUGGING_SYMBOLS = YES;
				GCC_INLINES_ARE_PRIVATE_EXTERN = NO;
				GCC_OPTIMIZATION_LEVEL = 0;
				GCC_PREPROCESSOR_DEFINITIONS = ("'CMAKE_INTDIR=\"$(CONFIGURATION)$(EFFECTIVE_PLATFORM_NAME)\"'","$(inherited)");
				GCC_SYMBOLS_PRIVATE_EXTERN = NO;
				INSTALL_PATH = "";
				ONLY_ACTIVE_ARCH = NO;
				OTHER_LDFLAGS = ("","$(inherited)");
				OTHER_REZFLAGS = "";
				PRODUCT_NAME = ALL_BUILD;
				SECTORDER_FLAGS = "";
				SYMROOT = "/Users/abdulhakeemabdulrahman/research/rts-simulator-py/rts-simulator";
				USE_HEADERMAP = NO;
				WARNING_CFLAGS = ("$(inherited)");
			};
			name = MinSizeRel;
		};
		88249597B114419FBAEC42A8 /* Release */ = {
			isa = XCBuildConfiguration;
			buildSettings = {
				ARCHS = arm64;
				COMBINE_HIDPI_IMAGES = YES;
				CONFIGURATION_BUILD_DIR = "/Users/abdulhakeemabdulrahman/research/rts-simulator-py/build/lib.macosx-11.0-arm64-cpython-39/Release";
				DYLIB_COMPATIBILITY_VERSION = "";
				DYLIB_CURRENT_VERSION = "";
				EXECUTABLE_PREFIX = lib;
				EXECUTABLE_SUFFIX = .dylib;
				GCC_GENERATE_DEBUGGING_SYMBOLS = NO;
				GCC_INLINES_ARE_PRIVATE_EXTERN = NO;
				GCC_OPTIMIZATION_LEVEL = 3;
				GCC_PREPROCESSOR_DEFINITIONS = ("'CMAKE_INTDIR=\"$(CONFIGURATION)$(EFFECTIVE_PLATFORM_NAME)\"'",RTSSimulatorLib_EXPORTS,"$(inherited)");
				GCC_SYMBOLS_PRIVATE_EXTERN = NO;
				HEADER_SEARCH_PATHS = ("/Users/abdulhakeemabdulrahman/research/rts-simulator-py/rts-simulator/include","/Users/abdulhakeemabdulrahman/research/rts-simulator-py/rts-simulator/include/algorithms","$(inherited)");
				INSTALL_PATH = "@rpath";
				LIBRARY_STYLE = DYNAMIC;
				ONLY_ACTIVE_ARCH = NO;
				OTHER_CPLUSPLUSFLAGS = " -std=c++17 -pthread -lncurses     -DNDEBUG -fPIC '-std=gnu++17' ";
				OTHER_LDFLAGS = (" -dynamiclib -Wl,-headerpad_max_install_names",/Applications/Xcode.app/Contents/Developer/Platforms/MacOSX.platform/Developer/SDKs/MacOSX12.3.sdk/usr/lib/libcurses.tbd,/Applications/Xcode.app/Contents/Developer/Platforms/MacOSX.platform/Developer/SDKs/MacOSX12.3.sdk/usr/lib/libform.tbd,"$(inherited)");
				OTHER_REZFLAGS = "";
				PRODUCT_NAME = RTSSimulatorLib;
				SECTORDER_FLAGS = "";
				SYMROOT = "/Users/abdulhakeemabdulrahman/research/rts-simulator-py/rts-simulator";
				USE_HEADERMAP = NO;
				WARNING_CFLAGS = ("$(inherited)");
			};
			name = Release;
		};
		8891296AFCA948668EA32A11 /* MinSizeRel */ = {
			isa = XCBuildConfiguration;
			buildSettings = {
				ARCHS = arm64;
				COMBINE_HIDPI_IMAGES = YES;
				EXECUTABLE_PREFIX = "";
				EXECUTABLE_SUFFIX = "";
				GCC_GENERATE_DEBUGGING_SYMBOLS = NO;
				GCC_INLINES_ARE_PRIVATE_EXTERN = NO;
				GCC_OPTIMIZATION_LEVEL = s;
				GCC_PREPROCESSOR_DEFINITIONS = ("'CMAKE_INTDIR=\"$(CONFIGURATION)$(EFFECTIVE_PLATFORM_NAME)\"'","$(inherited)");
				GCC_SYMBOLS_PRIVATE_EXTERN = NO;
				HEADER_SEARCH_PATHS = ("/Users/abdulhakeemabdulrahman/research/rts-simulator-py/rts-simulator/include","/Users/abdulhakeemabdulrahman/research/rts-simulator-py/rts-simulator/include/algorithms","$(inherited)");
				INSTALL_PATH = "";
				LD_RUNPATH_SEARCH_PATHS = ("/Users/abdulhakeemabdulrahman/research/rts-simulator-py/build/lib.macosx-11.0-arm64-cpython-39/MinSizeRel","$(inherited)");
				ONLY_ACTIVE_ARCH = NO;
				OTHER_CPLUSPLUSFLAGS = " -std=c++17 -pthread -lncurses     -DNDEBUG '-std=gnu++17' ";
				OTHER_LDFLAGS = (" -Wl,-search_paths_first -Wl,-headerpad_max_install_names","/Users/abdulhakeemabdulrahman/research/rts-simulator-py/build/lib.macosx-11.0-arm64-cpython-39/MinSizeRel/libRTSSimulatorLib.dylib",/Applications/Xcode.app/Contents/Developer/Platforms/MacOSX.platform/Developer/SDKs/MacOSX12.3.sdk/usr/lib/libcurses.tbd,/Applications/Xcode.app/Contents/Developer/Platforms/MacOSX.platform/Developer/SDKs/MacOSX12.3.sdk/usr/lib/libform.tbd,"$(inherited)");
				OTHER_REZFLAGS = "";
				PRODUCT_NAME = RTSSimulator;
				SECTORDER_FLAGS = "";
				SYMROOT = "/Users/abdulhakeemabdulrahman/research/rts-simulator-py/rts-simulator";
				USE_HEADERMAP = NO;
				WARNING_CFLAGS = ("$(inherited)");
			};
			name = MinSizeRel;
		};
		AC870475DCEE4534B43E4FAA /* RelWithDebInfo */ = {
			isa = XCBuildConfiguration;
			buildSettings = {
				ARCHS = arm64;
				COMBINE_HIDPI_IMAGES = YES;
				CONFIGURATION_BUILD_DIR = "/Users/abdulhakeemabdulrahman/research/rts-simulator-py/build/lib.macosx-11.0-arm64-cpython-39/RelWithDebInfo";
				DYLIB_COMPATIBILITY_VERSION = "";
				DYLIB_CURRENT_VERSION = "";
				EXECUTABLE_PREFIX = lib;
				EXECUTABLE_SUFFIX = .dylib;
				GCC_GENERATE_DEBUGGING_SYMBOLS = YES;
				GCC_INLINES_ARE_PRIVATE_EXTERN = NO;
				GCC_OPTIMIZATION_LEVEL = 2;
				GCC_PREPROCESSOR_DEFINITIONS = ("'CMAKE_INTDIR=\"$(CONFIGURATION)$(EFFECTIVE_PLATFORM_NAME)\"'",RTSSimulatorLib_EXPORTS,"$(inherited)");
				GCC_SYMBOLS_PRIVATE_EXTERN = NO;
				HEADER_SEARCH_PATHS = ("/Users/abdulhakeemabdulrahman/research/rts-simulator-py/rts-simulator/include","/Users/abdulhakeemabdulrahman/research/rts-simulator-py/rts-simulator/include/algorithms","$(inherited)");
				INSTALL_PATH = "@rpath";
				LIBRARY_STYLE = DYNAMIC;
				ONLY_ACTIVE_ARCH = NO;
				OTHER_CPLUSPLUSFLAGS = " -std=c++17 -pthread -lncurses        -DNDEBUG -fPIC '-std=gnu++17' ";
				OTHER_LDFLAGS = (" -dynamiclib -Wl,-headerpad_max_install_names",/Applications/Xcode.app/Contents/Developer/Platforms/MacOSX.platform/Developer/SDKs/MacOSX12.3.sdk/usr/lib/libcurses.tbd,/Applications/Xcode.app/Contents/Developer/Platforms/MacOSX.platform/Developer/SDKs/MacOSX12.3.sdk/usr/lib/libform.tbd,"$(inherited)");
				OTHER_REZFLAGS = "";
				PRODUCT_NAME = RTSSimulatorLib;
				SECTORDER_FLAGS = "";
				SYMROOT = "/Users/abdulhakeemabdulrahman/research/rts-simulator-py/rts-simulator";
				USE_HEADERMAP = NO;
				WARNING_CFLAGS = ("$(inherited)");
			};
			name = RelWithDebInfo;
		};
		AD9DEBD1BC4A4A6DB730ED97 /* RelWithDebInfo */ = {
			isa = XCBuildConfiguration;
			buildSettings = {
				ARCHS = arm64;
				COMBINE_HIDPI_IMAGES = YES;
				GCC_GENERATE_DEBUGGING_SYMBOLS = YES;
				GCC_INLINES_ARE_PRIVATE_EXTERN = NO;
				GCC_OPTIMIZATION_LEVEL = 0;
				GCC_PREPROCESSOR_DEFINITIONS = ("'CMAKE_INTDIR=\"$(CONFIGURATION)$(EFFECTIVE_PLATFORM_NAME)\"'","$(inherited)");
				GCC_SYMBOLS_PRIVATE_EXTERN = NO;
				INSTALL_PATH = "";
				ONLY_ACTIVE_ARCH = NO;
				OTHER_LDFLAGS = ("","$(inherited)");
				OTHER_REZFLAGS = "";
				PRODUCT_NAME = ZERO_CHECK;
				SECTORDER_FLAGS = "";
				SYMROOT = "/Users/abdulhakeemabdulrahman/research/rts-simulator-py/rts-simulator";
				USE_HEADERMAP = NO;
				WARNING_CFLAGS = ("$(inherited)");
			};
			name = RelWithDebInfo;
		};
		C8BCCBB6450C405D890DB034 /* MinSizeRel */ = {
			isa = XCBuildConfiguration;
			buildSettings = {
				ARCHS = arm64;
				COMBINE_HIDPI_IMAGES = YES;
				GCC_GENERATE_DEBUGGING_SYMBOLS = YES;
				GCC_INLINES_ARE_PRIVATE_EXTERN = NO;
				GCC_OPTIMIZATION_LEVEL = 0;
				GCC_PREPROCESSOR_DEFINITIONS = ("'CMAKE_INTDIR=\"$(CONFIGURATION)$(EFFECTIVE_PLATFORM_NAME)\"'","$(inherited)");
				GCC_SYMBOLS_PRIVATE_EXTERN = NO;
				INSTALL_PATH = "";
				ONLY_ACTIVE_ARCH = NO;
				OTHER_LDFLAGS = ("","$(inherited)");
				OTHER_REZFLAGS = "";
				PRODUCT_NAME = ZERO_CHECK;
				SECTORDER_FLAGS = "";
				SYMROOT = "/Users/abdulhakeemabdulrahman/research/rts-simulator-py/rts-simulator";
				USE_HEADERMAP = NO;
				WARNING_CFLAGS = ("$(inherited)");
			};
			name = MinSizeRel;
		};
		D6E5F93BBAB243C4831F31D7 /* MinSizeRel */ = {
			isa = XCBuildConfiguration;
			buildSettings = {
				ARCHS = arm64;
				SDKROOT = /Applications/Xcode.app/Contents/Developer/Platforms/MacOSX.platform/Developer/SDKs/MacOSX12.3.sdk;
				SYMROOT = "/Users/abdulhakeemabdulrahman/research/rts-simulator-py/rts-simulator/build";
			};
			name = MinSizeRel;
		};
		DCC32CEBF4F44EE99B35CF4F /* Debug */ = {
			isa = XCBuildConfiguration;
			buildSettings = {
				ARCHS = arm64;
				COMBINE_HIDPI_IMAGES = YES;
				CONFIGURATION_BUILD_DIR = "/Users/abdulhakeemabdulrahman/research/rts-simulator-py/build/lib.macosx-11.0-arm64-cpython-39/Debug";
				DYLIB_COMPATIBILITY_VERSION = "";
				DYLIB_CURRENT_VERSION = "";
				EXECUTABLE_PREFIX = lib;
				EXECUTABLE_SUFFIX = .dylib;
				GCC_GENERATE_DEBUGGING_SYMBOLS = YES;
				GCC_INLINES_ARE_PRIVATE_EXTERN = NO;
				GCC_OPTIMIZATION_LEVEL = 0;
				GCC_PREPROCESSOR_DEFINITIONS = ("'CMAKE_INTDIR=\"$(CONFIGURATION)$(EFFECTIVE_PLATFORM_NAME)\"'",RTSSimulatorLib_EXPORTS,"$(inherited)");
				GCC_SYMBOLS_PRIVATE_EXTERN = NO;
				HEADER_SEARCH_PATHS = ("/Users/abdulhakeemabdulrahman/research/rts-simulator-py/rts-simulator/include","/Users/abdulhakeemabdulrahman/research/rts-simulator-py/rts-simulator/include/algorithms","$(inherited)");
				INSTALL_PATH = "@rpath";
				LIBRARY_STYLE = DYNAMIC;
				ONLY_ACTIVE_ARCH = NO;
				OTHER_CPLUSPLUSFLAGS = " -std=c++17 -pthread -lncurses    -fPIC '-std=gnu++17' ";
				OTHER_LDFLAGS = (" -dynamiclib -Wl,-headerpad_max_install_names",/Applications/Xcode.app/Contents/Developer/Platforms/MacOSX.platform/Developer/SDKs/MacOSX12.3.sdk/usr/lib/libcurses.tbd,/Applications/Xcode.app/Contents/Developer/Platforms/MacOSX.platform/Developer/SDKs/MacOSX12.3.sdk/usr/lib/libform.tbd,"$(inherited)");
				OTHER_REZFLAGS = "";
				PRODUCT_NAME = RTSSimulatorLib;
				SECTORDER_FLAGS = "";
				SYMROOT = "/Users/abdulhakeemabdulrahman/research/rts-simulator-py/rts-simulator";
				USE_HEADERMAP = NO;
				WARNING_CFLAGS = ("$(inherited)");
			};
			name = Debug;
		};
		EBBDEE1BA7FD45D9B58EBBAC /* Release */ = {
			isa = XCBuildConfiguration;
			buildSettings = {
				ARCHS = arm64;
				COMBINE_HIDPI_IMAGES = YES;
				EXECUTABLE_PREFIX = "";
				EXECUTABLE_SUFFIX = "";
				GCC_GENERATE_DEBUGGING_SYMBOLS = NO;
				GCC_INLINES_ARE_PRIVATE_EXTERN = NO;
				GCC_OPTIMIZATION_LEVEL = 3;
				GCC_PREPROCESSOR_DEFINITIONS = ("'CMAKE_INTDIR=\"$(CONFIGURATION)$(EFFECTIVE_PLATFORM_NAME)\"'","$(inherited)");
				GCC_SYMBOLS_PRIVATE_EXTERN = NO;
				HEADER_SEARCH_PATHS = ("/Users/abdulhakeemabdulrahman/research/rts-simulator-py/rts-simulator/include","/Users/abdulhakeemabdulrahman/research/rts-simulator-py/rts-simulator/include/algorithms","$(inherited)");
				INSTALL_PATH = "";
				LD_RUNPATH_SEARCH_PATHS = ("/Users/abdulhakeemabdulrahman/research/rts-simulator-py/build/lib.macosx-11.0-arm64-cpython-39/Release","$(inherited)");
				ONLY_ACTIVE_ARCH = NO;
				OTHER_CPLUSPLUSFLAGS = " -std=c++17 -pthread -lncurses     -DNDEBUG '-std=gnu++17' ";
				OTHER_LDFLAGS = (" -Wl,-search_paths_first -Wl,-headerpad_max_install_names","/Users/abdulhakeemabdulrahman/research/rts-simulator-py/build/lib.macosx-11.0-arm64-cpython-39/Release/libRTSSimulatorLib.dylib",/Applications/Xcode.app/Contents/Developer/Platforms/MacOSX.platform/Developer/SDKs/MacOSX12.3.sdk/usr/lib/libcurses.tbd,/Applications/Xcode.app/Contents/Developer/Platforms/MacOSX.platform/Developer/SDKs/MacOSX12.3.sdk/usr/lib/libform.tbd,"$(inherited)");
				OTHER_REZFLAGS = "";
				PRODUCT_NAME = RTSSimulator;
				SECTORDER_FLAGS = "";
				SYMROOT = "/Users/abdulhakeemabdulrahman/research/rts-simulator-py/rts-simulator";
				USE_HEADERMAP = NO;
				WARNING_CFLAGS = ("$(inherited)");
			};
			name = Release;
		};
		EEA583350D5943D28A92A7AE /* RelWithDebInfo */ = {
			isa = XCBuildConfiguration;
			buildSettings = {
				ARCHS = arm64;
				COMBINE_HIDPI_IMAGES = YES;
				EXECUTABLE_PREFIX = "";
				EXECUTABLE_SUFFIX = "";
				GCC_GENERATE_DEBUGGING_SYMBOLS = YES;
				GCC_INLINES_ARE_PRIVATE_EXTERN = NO;
				GCC_OPTIMIZATION_LEVEL = 2;
				GCC_PREPROCESSOR_DEFINITIONS = ("'CMAKE_INTDIR=\"$(CONFIGURATION)$(EFFECTIVE_PLATFORM_NAME)\"'","$(inherited)");
				GCC_SYMBOLS_PRIVATE_EXTERN = NO;
				HEADER_SEARCH_PATHS = ("/Users/abdulhakeemabdulrahman/research/rts-simulator-py/rts-simulator/include","/Users/abdulhakeemabdulrahman/research/rts-simulator-py/rts-simulator/include/algorithms","$(inherited)");
				INSTALL_PATH = "";
				LD_RUNPATH_SEARCH_PATHS = ("/Users/abdulhakeemabdulrahman/research/rts-simulator-py/build/lib.macosx-11.0-arm64-cpython-39/RelWithDebInfo","$(inherited)");
				ONLY_ACTIVE_ARCH = NO;
				OTHER_CPLUSPLUSFLAGS = " -std=c++17 -pthread -lncurses        -DNDEBUG '-std=gnu++17' ";
				OTHER_LDFLAGS = (" -Wl,-search_paths_first -Wl,-headerpad_max_install_names","/Users/abdulhakeemabdulrahman/research/rts-simulator-py/build/lib.macosx-11.0-arm64-cpython-39/RelWithDebInfo/libRTSSimulatorLib.dylib",/Applications/Xcode.app/Contents/Developer/Platforms/MacOSX.platform/Developer/SDKs/MacOSX12.3.sdk/usr/lib/libcurses.tbd,/Applications/Xcode.app/Contents/Developer/Platforms/MacOSX.platform/Developer/SDKs/MacOSX12.3.sdk/usr/lib/libform.tbd,"$(inherited)");
				OTHER_REZFLAGS = "";
				PRODUCT_NAME = RTSSimulator;
				SECTORDER_FLAGS = "";
				SYMROOT = "/Users/abdulhakeemabdulrahman/research/rts-simulator-py/rts-simulator";
				USE_HEADERMAP = NO;
				WARNING_CFLAGS = ("$(inherited)");
			};
			name = RelWithDebInfo;
		};
		F2A7BDB3F6564CEA86079FD4 /* Release */ = {
			isa = XCBuildConfiguration;
			buildSettings = {
				ARCHS = arm64;
				COMBINE_HIDPI_IMAGES = YES;
				GCC_GENERATE_DEBUGGING_SYMBOLS = YES;
				GCC_INLINES_ARE_PRIVATE_EXTERN = NO;
				GCC_OPTIMIZATION_LEVEL = 0;
				GCC_PREPROCESSOR_DEFINITIONS = ("'CMAKE_INTDIR=\"$(CONFIGURATION)$(EFFECTIVE_PLATFORM_NAME)\"'","$(inherited)");
				GCC_SYMBOLS_PRIVATE_EXTERN = NO;
				INSTALL_PATH = "";
				ONLY_ACTIVE_ARCH = NO;
				OTHER_LDFLAGS = ("","$(inherited)");
				OTHER_REZFLAGS = "";
				PRODUCT_NAME = ALL_BUILD;
				SECTORDER_FLAGS = "";
				SYMROOT = "/Users/abdulhakeemabdulrahman/research/rts-simulator-py/rts-simulator";
				USE_HEADERMAP = NO;
				WARNING_CFLAGS = ("$(inherited)");
			};
			name = Release;
		};
		F380C2EB1BDC4431864E2866 /* MinSizeRel */ = {
			isa = XCBuildConfiguration;
			buildSettings = {
				ARCHS = arm64;
				COMBINE_HIDPI_IMAGES = YES;
				CONFIGURATION_BUILD_DIR = "/Users/abdulhakeemabdulrahman/research/rts-simulator-py/build/lib.macosx-11.0-arm64-cpython-39/MinSizeRel";
				DYLIB_COMPATIBILITY_VERSION = "";
				DYLIB_CURRENT_VERSION = "";
				EXECUTABLE_PREFIX = lib;
				EXECUTABLE_SUFFIX = .dylib;
				GCC_GENERATE_DEBUGGING_SYMBOLS = NO;
				GCC_INLINES_ARE_PRIVATE_EXTERN = NO;
				GCC_OPTIMIZATION_LEVEL = s;
				GCC_PREPROCESSOR_DEFINITIONS = ("'CMAKE_INTDIR=\"$(CONFIGURATION)$(EFFECTIVE_PLATFORM_NAME)\"'",RTSSimulatorLib_EXPORTS,"$(inherited)");
				GCC_SYMBOLS_PRIVATE_EXTERN = NO;
				HEADER_SEARCH_PATHS = ("/Users/abdulhakeemabdulrahman/research/rts-simulator-py/rts-simulator/include","/Users/abdulhakeemabdulrahman/research/rts-simulator-py/rts-simulator/include/algorithms","$(inherited)");
				INSTALL_PATH = "@rpath";
				LIBRARY_STYLE = DYNAMIC;
				ONLY_ACTIVE_ARCH = NO;
				OTHER_CPLUSPLUSFLAGS = " -std=c++17 -pthread -lncurses     -DNDEBUG -fPIC '-std=gnu++17' ";
				OTHER_LDFLAGS = (" -dynamiclib -Wl,-headerpad_max_install_names",/Applications/Xcode.app/Contents/Developer/Platforms/MacOSX.platform/Developer/SDKs/MacOSX12.3.sdk/usr/lib/libcurses.tbd,/Applications/Xcode.app/Contents/Developer/Platforms/MacOSX.platform/Developer/SDKs/MacOSX12.3.sdk/usr/lib/libform.tbd,"$(inherited)");
				OTHER_REZFLAGS = "";
				PRODUCT_NAME = RTSSimulatorLib;
				SECTORDER_FLAGS = "";
				SYMROOT = "/Users/abdulhakeemabdulrahman/research/rts-simulator-py/rts-simulator";
				USE_HEADERMAP = NO;
				WARNING_CFLAGS = ("$(inherited)");
			};
			name = MinSizeRel;
		};
/* End XCBuildConfiguration section */

/* Begin XCConfigurationList section */
		025F38923D6946D89FF46BEC /* Build configuration list for PBXAggregateTarget "ALL_BUILD" */ = {
			isa = XCConfigurationList;
			buildConfigurations = (
				045653CAB5554FDFB2A424AC /* Debug */,
				F2A7BDB3F6564CEA86079FD4 /* Release */,
				6C08EDBFEBA7489F9E5CBA51 /* MinSizeRel */,
				0BCE3E7471474DFE98B69EA9 /* RelWithDebInfo */,
			);
			defaultConfigurationIsVisible = 0;
			defaultConfigurationName = Debug;
		};
		1C8438F28B6C48348B27963F /* Build configuration list for PBXAggregateTarget "ZERO_CHECK" */ = {
			isa = XCConfigurationList;
			buildConfigurations = (
				4CF6F487CC5E4C0E88E2FBBC /* Debug */,
				05803FD0946046DB864E503E /* Release */,
				C8BCCBB6450C405D890DB034 /* MinSizeRel */,
				AD9DEBD1BC4A4A6DB730ED97 /* RelWithDebInfo */,
			);
			defaultConfigurationIsVisible = 0;
			defaultConfigurationName = Debug;
		};
		77C03D2575E4491DB31FCEF2 /* Build configuration list for PBXNativeTarget "RTSSimulator" */ = {
			isa = XCConfigurationList;
			buildConfigurations = (
				094F9B68573B42E5A7893EFE /* Debug */,
				EBBDEE1BA7FD45D9B58EBBAC /* Release */,
				8891296AFCA948668EA32A11 /* MinSizeRel */,
				EEA583350D5943D28A92A7AE /* RelWithDebInfo */,
			);
			defaultConfigurationIsVisible = 0;
			defaultConfigurationName = Debug;
		};
		794EFDB1C39849E1BE5A0C9E /* Build configuration list for PBXNativeTarget "RTSSimulatorLib" */ = {
			isa = XCConfigurationList;
			buildConfigurations = (
				DCC32CEBF4F44EE99B35CF4F /* Debug */,
				88249597B114419FBAEC42A8 /* Release */,
				F380C2EB1BDC4431864E2866 /* MinSizeRel */,
				AC870475DCEE4534B43E4FAA /* RelWithDebInfo */,
			);
			defaultConfigurationIsVisible = 0;
			defaultConfigurationName = Debug;
		};
		D3AB77C6DB854F8FADCFFC0A /* Build configuration list for PBXProject "RTSSimulatorProj" */ = {
			isa = XCConfigurationList;
			buildConfigurations = (
				57C7891AF2D04391B641FC7F /* Debug */,
				3A25795438CA4FDE8A0877A3 /* Release */,
				D6E5F93BBAB243C4831F31D7 /* MinSizeRel */,
				08D70D881A744F0FADA6C9B6 /* RelWithDebInfo */,
			);
			defaultConfigurationIsVisible = 0;
			defaultConfigurationName = Debug;
		};
/* End XCConfigurationList section */
	};
	rootObject = 14E8E4D526494DF98C18F70D /* Project object */;
}
